
Microsoft Visual Studio Solution File, Format Version 12.00
# Visual Studio 15
VisualStudioVersion = 15.0.27703.2035
MinimumVisualStudioVersion = 10.0.40219.1
Project("{FAE04EC0-301F-11D3-BF4B-00C04F79EFBC}") = "SafeRequest", "SafeRequest\SafeRequest.csproj", "{DADA4493-565C-459A-B2F6-7A4337490A7B}"
EndProject
Project("{FAE04EC0-301F-11D3-BF4B-00C04F79EFBC}") = "SafeRequest.Tests", "SafeRequest.Tests\SafeRequest.Tests.csproj", "{17550B17-A3AB-49C5-9AC3-392F08239ADF}"
EndProject
Global
	GlobalSection(SolutionConfigurationPlatforms) = preSolution
		Debug|Any CPU = Debug|Any CPU
		Release|Any CPU = Release|Any CPU
	EndGlobalSection
	GlobalSection(ProjectConfigurationPlatforms) = postSolution
		{DADA4493-565C-459A-B2F6-7A4337490A7B}.Debug|Any CPU.ActiveCfg = Debug|Any CPU
		{DADA4493-565C-459A-B2F6-7A4337490A7B}.Debug|Any CPU.Build.0 = Debug|Any CPU
		{DADA4493-565C-459A-B2F6-7A4337490A7B}.Release|Any CPU.ActiveCfg = Release|Any CPU
		{DADA4493-565C-459A-B2F6-7A4337490A7B}.Release|Any CPU.Build.0 = Release|Any CPU
		{17550B17-A3AB-49C5-9AC3-392F08239ADF}.Debug|Any CPU.ActiveCfg = Debug|Any CPU
		{17550B17-A3AB-49C5-9AC3-392F08239ADF}.Debug|Any CPU.Build.0 = Debug|Any CPU
		{17550B17-A3AB-49C5-9AC3-392F08239ADF}.Release|Any CPU.ActiveCfg = Release|Any CPU
		{17550B17-A3AB-49C5-9AC3-392F08239ADF}.Release|Any CPU.Build.0 = Release|Any CPU
	EndGlobalSection
	GlobalSection(SolutionProperties) = preSolution
		HideSolutionNode = FALSE
	EndGlobalSection
	GlobalSection(ExtensibilityGlobals) = postSolution
		SolutionGuid = {C53DD371-9CE4-409F-821D-FACC136A6545}
	EndGlobalSection
EndGlobal
